
Microsoft Visual Studio Solution File, Format Version 12.00
# Visual Studio 14
VisualStudioVersion = 14.0.25123.0
MinimumVisualStudioVersion = 10.0.40219.1
Project("{2150E333-8FDC-42A3-9474-1A3956D46DE8}") = "src", "src", "{8D62BAFF-90AB-4314-8B39-13C62BEB045C}"
EndProject
Project("{2150E333-8FDC-42A3-9474-1A3956D46DE8}") = "Solution Items", "Solution Items", "{36A27CC6-9D3F-410B-B93B-E368CBEB50F0}"
	ProjectSection(SolutionItems) = preProject
		global.json = global.json
	EndProjectSection
EndProject
Project("{8BB2217D-0F2D-49D1-97BC-3654ED321F3B}") = "ASPNET5_Docker", "src\ASPNET5_Docker\ASPNET5_Docker.xproj", "{C214DF85-6B78-47D4-B675-35AE38E1A6F4}"
EndProject
Global
	GlobalSection(SolutionConfigurationPlatforms) = preSolution
		Debug|Any CPU = Debug|Any CPU
		Release|Any CPU = Release|Any CPU
	EndGlobalSection
	GlobalSection(ProjectConfigurationPlatforms) = postSolution
		{C214DF85-6B78-47D4-B675-35AE38E1A6F4}.Debug|Any CPU.ActiveCfg = Debug|Any CPU
		{C214DF85-6B78-47D4-B675-35AE38E1A6F4}.Debug|Any CPU.Build.0 = Debug|Any CPU
		{C214DF85-6B78-47D4-B675-35AE38E1A6F4}.Release|Any CPU.ActiveCfg = Release|Any CPU
		{C214DF85-6B78-47D4-B675-35AE38E1A6F4}.Release|Any CPU.Build.0 = Release|Any CPU
	EndGlobalSection
	GlobalSection(SolutionProperties) = preSolution
		HideSolutionNode = FALSE
	EndGlobalSection
	GlobalSection(NestedProjects) = preSolution
		{C214DF85-6B78-47D4-B675-35AE38E1A6F4} = {8D62BAFF-90AB-4314-8B39-13C62BEB045C}
	EndGlobalSection
EndGlobal
